// !$*UTF8*$!
{
	archiveVersion = 1;
	classes = {
	};
	objectVersion = 52;
	objects = {

/* Begin PBXBuildFile section */
		5469A12030B28921CAC46531 /* MarkdownParser.swift in Sources */ = {isa = PBXBuildFile; fileRef = 5469A9430AFD9EABFB13DF9E /* MarkdownParser.swift */; };
		5469A743C5F2DB32A4D29C96 /* MarkdownToken.swift in Sources */ = {isa = PBXBuildFile; fileRef = 5469A46FC36B320229CE4F99 /* MarkdownToken.swift */; };
		BC4CE87D256FD6DE00DD6FAA /* UserData.swift in Sources */ = {isa = PBXBuildFile; fileRef = BC4CE87C256FD6DE00DD6FAA /* UserData.swift */; };
		BC6648D925B2BB2F00FCA07E /* HotKey in Frameworks */ = {isa = PBXBuildFile; productRef = BC772B472572282500B52AA1 /* HotKey */; };
		BC6648DA25B2BB2F00FCA07E /* HighlightedTextEditor in Frameworks */ = {isa = PBXBuildFile; productRef = BC8A50C9257F7BF100EF14EC /* HighlightedTextEditor */; };
		BC6648EB25B2BBE200FCA07E /* MarkdownParserTests.swift in Sources */ = {isa = PBXBuildFile; fileRef = BC6648EA25B2BBE200FCA07E /* MarkdownParserTests.swift */; };
		BCAFB068256E690800BEBF5A /* ScratchpadEditor.swift in Sources */ = {isa = PBXBuildFile; fileRef = BCAFB067256E690800BEBF5A /* ScratchpadEditor.swift */; };
		BCAFB06D256E69EB00BEBF5A /* Scratchpad.swift in Sources */ = {isa = PBXBuildFile; fileRef = BCAFB06C256E69EB00BEBF5A /* Scratchpad.swift */; };
		BCB8132225984A2A00D44B35 /* AppDelegate.swift in Sources */ = {isa = PBXBuildFile; fileRef = BCB8132125984A2A00D44B35 /* AppDelegate.swift */; };
		BCD23799256E5FCE0087ACC5 /* ScratchieApp.swift in Sources */ = {isa = PBXBuildFile; fileRef = BCD23798256E5FCE0087ACC5 /* ScratchieApp.swift */; };
		BCD2379B256E5FCE0087ACC5 /* ContentView.swift in Sources */ = {isa = PBXBuildFile; fileRef = BCD2379A256E5FCE0087ACC5 /* ContentView.swift */; };
		BCD2379D256E5FD00087ACC5 /* Assets.xcassets in Resources */ = {isa = PBXBuildFile; fileRef = BCD2379C256E5FD00087ACC5 /* Assets.xcassets */; };
		BCD237A0256E5FD00087ACC5 /* Preview Assets.xcassets in Resources */ = {isa = PBXBuildFile; fileRef = BCD2379F256E5FD00087ACC5 /* Preview Assets.xcassets */; };
		BCD237AC256E5FD00087ACC5 /* ScratchieTests.swift in Sources */ = {isa = PBXBuildFile; fileRef = BCD237AB256E5FD00087ACC5 /* ScratchieTests.swift */; };
		BCD237B7256E5FD00087ACC5 /* ScratchieUITests.swift in Sources */ = {isa = PBXBuildFile; fileRef = BCD237B6256E5FD00087ACC5 /* ScratchieUITests.swift */; };
/* End PBXBuildFile section */

/* Begin PBXContainerItemProxy section */
		BCD237A8256E5FD00087ACC5 /* PBXContainerItemProxy */ = {
			isa = PBXContainerItemProxy;
			containerPortal = BCD2378D256E5FCE0087ACC5 /* Project object */;
			proxyType = 1;
			remoteGlobalIDString = BCD23794256E5FCE0087ACC5;
			remoteInfo = Scratchie;
		};
		BCD237B3256E5FD00087ACC5 /* PBXContainerItemProxy */ = {
			isa = PBXContainerItemProxy;
			containerPortal = BCD2378D256E5FCE0087ACC5 /* Project object */;
			proxyType = 1;
			remoteGlobalIDString = BCD23794256E5FCE0087ACC5;
			remoteInfo = Scratchie;
		};
/* End PBXContainerItemProxy section */

/* Begin PBXFileReference section */
		5469A46FC36B320229CE4F99 /* MarkdownToken.swift */ = {isa = PBXFileReference; fileEncoding = 4; lastKnownFileType = sourcecode.swift; path = MarkdownToken.swift; sourceTree = "<group>"; };
		5469A9430AFD9EABFB13DF9E /* MarkdownParser.swift */ = {isa = PBXFileReference; fileEncoding = 4; lastKnownFileType = sourcecode.swift; path = MarkdownParser.swift; sourceTree = "<group>"; };
		BC4CE87C256FD6DE00DD6FAA /* UserData.swift */ = {isa = PBXFileReference; lastKnownFileType = sourcecode.swift; path = UserData.swift; sourceTree = "<group>"; };
		BC6648EA25B2BBE200FCA07E /* MarkdownParserTests.swift */ = {isa = PBXFileReference; lastKnownFileType = sourcecode.swift; path = MarkdownParserTests.swift; sourceTree = "<group>"; };
		BCAFB067256E690800BEBF5A /* ScratchpadEditor.swift */ = {isa = PBXFileReference; lastKnownFileType = sourcecode.swift; path = ScratchpadEditor.swift; sourceTree = "<group>"; };
		BCAFB06C256E69EB00BEBF5A /* Scratchpad.swift */ = {isa = PBXFileReference; lastKnownFileType = sourcecode.swift; path = Scratchpad.swift; sourceTree = "<group>"; };
		BCB8132125984A2A00D44B35 /* AppDelegate.swift */ = {isa = PBXFileReference; lastKnownFileType = sourcecode.swift; path = AppDelegate.swift; sourceTree = "<group>"; };
		BCD23795256E5FCE0087ACC5 /* Scratchie.app */ = {isa = PBXFileReference; explicitFileType = wrapper.application; includeInIndex = 0; path = Scratchie.app; sourceTree = BUILT_PRODUCTS_DIR; };
		BCD23798256E5FCE0087ACC5 /* ScratchieApp.swift */ = {isa = PBXFileReference; lastKnownFileType = sourcecode.swift; path = ScratchieApp.swift; sourceTree = "<group>"; };
		BCD2379A256E5FCE0087ACC5 /* ContentView.swift */ = {isa = PBXFileReference; lastKnownFileType = sourcecode.swift; path = ContentView.swift; sourceTree = "<group>"; };
		BCD2379C256E5FD00087ACC5 /* Assets.xcassets */ = {isa = PBXFileReference; lastKnownFileType = folder.assetcatalog; path = Assets.xcassets; sourceTree = "<group>"; };
		BCD2379F256E5FD00087ACC5 /* Preview Assets.xcassets */ = {isa = PBXFileReference; lastKnownFileType = folder.assetcatalog; path = "Preview Assets.xcassets"; sourceTree = "<group>"; };
		BCD237A1256E5FD00087ACC5 /* Info.plist */ = {isa = PBXFileReference; lastKnownFileType = text.plist.xml; path = Info.plist; sourceTree = "<group>"; };
		BCD237A2256E5FD00087ACC5 /* Scratchie.entitlements */ = {isa = PBXFileReference; lastKnownFileType = text.plist.entitlements; path = Scratchie.entitlements; sourceTree = "<group>"; };
		BCD237A7256E5FD00087ACC5 /* ScratchieTests.xctest */ = {isa = PBXFileReference; explicitFileType = wrapper.cfbundle; includeInIndex = 0; path = ScratchieTests.xctest; sourceTree = BUILT_PRODUCTS_DIR; };
		BCD237AB256E5FD00087ACC5 /* ScratchieTests.swift */ = {isa = PBXFileReference; lastKnownFileType = sourcecode.swift; path = ScratchieTests.swift; sourceTree = "<group>"; };
		BCD237AD256E5FD00087ACC5 /* Info.plist */ = {isa = PBXFileReference; lastKnownFileType = text.plist.xml; path = Info.plist; sourceTree = "<group>"; };
		BCD237B2256E5FD00087ACC5 /* ScratchieUITests.xctest */ = {isa = PBXFileReference; explicitFileType = wrapper.cfbundle; includeInIndex = 0; path = ScratchieUITests.xctest; sourceTree = BUILT_PRODUCTS_DIR; };
		BCD237B6256E5FD00087ACC5 /* ScratchieUITests.swift */ = {isa = PBXFileReference; lastKnownFileType = sourcecode.swift; path = ScratchieUITests.swift; sourceTree = "<group>"; };
		BCD237B8256E5FD00087ACC5 /* Info.plist */ = {isa = PBXFileReference; lastKnownFileType = text.plist.xml; path = Info.plist; sourceTree = "<group>"; };
/* End PBXFileReference section */

/* Begin PBXFrameworksBuildPhase section */
		BCD23792256E5FCE0087ACC5 /* Frameworks */ = {
			isa = PBXFrameworksBuildPhase;
			buildActionMask = 2147483647;
			files = (
				BC6648DA25B2BB2F00FCA07E /* HighlightedTextEditor in Frameworks */,
				BC6648D925B2BB2F00FCA07E /* HotKey in Frameworks */,
			);
			runOnlyForDeploymentPostprocessing = 0;
		};
		BCD237A4256E5FD00087ACC5 /* Frameworks */ = {
			isa = PBXFrameworksBuildPhase;
			buildActionMask = 2147483647;
			files = (
			);
			runOnlyForDeploymentPostprocessing = 0;
		};
		BCD237AF256E5FD00087ACC5 /* Frameworks */ = {
			isa = PBXFrameworksBuildPhase;
			buildActionMask = 2147483647;
			files = (
			);
			runOnlyForDeploymentPostprocessing = 0;
		};
/* End PBXFrameworksBuildPhase section */

/* Begin PBXGroup section */
		5469AF6CC12058DDCAA9F418 /* MarkdownParser */ = {
			isa = PBXGroup;
			children = (
				5469A9430AFD9EABFB13DF9E /* MarkdownParser.swift */,
				5469A46FC36B320229CE4F99 /* MarkdownToken.swift */,
			);
			path = MarkdownParser;
			sourceTree = "<group>";
		};
		BCD2378C256E5FCE0087ACC5 = {
			isa = PBXGroup;
			children = (
				BCD23797256E5FCE0087ACC5 /* Scratchie */,
				BCD237AA256E5FD00087ACC5 /* ScratchieTests */,
				BCD237B5256E5FD00087ACC5 /* ScratchieUITests */,
				BCD23796256E5FCE0087ACC5 /* Products */,
			);
			sourceTree = "<group>";
		};
		BCD23796256E5FCE0087ACC5 /* Products */ = {
			isa = PBXGroup;
			children = (
				BCD23795256E5FCE0087ACC5 /* Scratchie.app */,
				BCD237A7256E5FD00087ACC5 /* ScratchieTests.xctest */,
				BCD237B2256E5FD00087ACC5 /* ScratchieUITests.xctest */,
			);
			name = Products;
			sourceTree = "<group>";
		};
		BCD23797256E5FCE0087ACC5 /* Scratchie */ = {
			isa = PBXGroup;
			children = (
				BCD23798256E5FCE0087ACC5 /* ScratchieApp.swift */,
				BCD2379A256E5FCE0087ACC5 /* ContentView.swift */,
				BCD2379C256E5FD00087ACC5 /* Assets.xcassets */,
				BCD237A1256E5FD00087ACC5 /* Info.plist */,
				BCD237A2256E5FD00087ACC5 /* Scratchie.entitlements */,
				BCD2379E256E5FD00087ACC5 /* Preview Content */,
				BCAFB067256E690800BEBF5A /* ScratchpadEditor.swift */,
				BCAFB06C256E69EB00BEBF5A /* Scratchpad.swift */,
				BC4CE87C256FD6DE00DD6FAA /* UserData.swift */,
				BCB8132125984A2A00D44B35 /* AppDelegate.swift */,
				5469AF6CC12058DDCAA9F418 /* MarkdownParser */,
			);
			path = Scratchie;
			sourceTree = "<group>";
		};
		BCD2379E256E5FD00087ACC5 /* Preview Content */ = {
			isa = PBXGroup;
			children = (
				BCD2379F256E5FD00087ACC5 /* Preview Assets.xcassets */,
			);
			path = "Preview Content";
			sourceTree = "<group>";
		};
		BCD237AA256E5FD00087ACC5 /* ScratchieTests */ = {
			isa = PBXGroup;
			children = (
				BCD237AB256E5FD00087ACC5 /* ScratchieTests.swift */,
				BCD237AD256E5FD00087ACC5 /* Info.plist */,
				BC6648EA25B2BBE200FCA07E /* MarkdownParserTests.swift */,
			);
			path = ScratchieTests;
			sourceTree = "<group>";
		};
		BCD237B5256E5FD00087ACC5 /* ScratchieUITests */ = {
			isa = PBXGroup;
			children = (
				BCD237B6256E5FD00087ACC5 /* ScratchieUITests.swift */,
				BCD237B8256E5FD00087ACC5 /* Info.plist */,
			);
			path = ScratchieUITests;
			sourceTree = "<group>";
		};
/* End PBXGroup section */

/* Begin PBXNativeTarget section */
		BCD23794256E5FCE0087ACC5 /* Scratchie */ = {
			isa = PBXNativeTarget;
			buildConfigurationList = BCD237BB256E5FD00087ACC5 /* Build configuration list for PBXNativeTarget "Scratchie" */;
			buildPhases = (
				BCD23791256E5FCE0087ACC5 /* Sources */,
				BCD23792256E5FCE0087ACC5 /* Frameworks */,
				BCD23793256E5FCE0087ACC5 /* Resources */,
			);
			buildRules = (
			);
			dependencies = (
			);
			name = Scratchie;
			packageProductDependencies = (
				BC772B472572282500B52AA1 /* HotKey */,
				BC8A50C9257F7BF100EF14EC /* HighlightedTextEditor */,
			);
			productName = Scratchie;
			productReference = BCD23795256E5FCE0087ACC5 /* Scratchie.app */;
			productType = "com.apple.product-type.application";
		};
		BCD237A6256E5FD00087ACC5 /* ScratchieTests */ = {
			isa = PBXNativeTarget;
			buildConfigurationList = BCD237BE256E5FD00087ACC5 /* Build configuration list for PBXNativeTarget "ScratchieTests" */;
			buildPhases = (
				BCD237A3256E5FD00087ACC5 /* Sources */,
				BCD237A4256E5FD00087ACC5 /* Frameworks */,
				BCD237A5256E5FD00087ACC5 /* Resources */,
			);
			buildRules = (
			);
			dependencies = (
				BCD237A9256E5FD00087ACC5 /* PBXTargetDependency */,
			);
			name = ScratchieTests;
			productName = ScratchieTests;
			productReference = BCD237A7256E5FD00087ACC5 /* ScratchieTests.xctest */;
			productType = "com.apple.product-type.bundle.unit-test";
		};
		BCD237B1256E5FD00087ACC5 /* ScratchieUITests */ = {
			isa = PBXNativeTarget;
			buildConfigurationList = BCD237C1256E5FD00087ACC5 /* Build configuration list for PBXNativeTarget "ScratchieUITests" */;
			buildPhases = (
				BCD237AE256E5FD00087ACC5 /* Sources */,
				BCD237AF256E5FD00087ACC5 /* Frameworks */,
				BCD237B0256E5FD00087ACC5 /* Resources */,
			);
			buildRules = (
			);
			dependencies = (
				BCD237B4256E5FD00087ACC5 /* PBXTargetDependency */,
			);
			name = ScratchieUITests;
			productName = ScratchieUITests;
			productReference = BCD237B2256E5FD00087ACC5 /* ScratchieUITests.xctest */;
			productType = "com.apple.product-type.bundle.ui-testing";
		};
/* End PBXNativeTarget section */

/* Begin PBXProject section */
		BCD2378D256E5FCE0087ACC5 /* Project object */ = {
			isa = PBXProject;
			attributes = {
				LastSwiftUpdateCheck = 1220;
				LastUpgradeCheck = 1230;
				TargetAttributes = {
					BCD23794256E5FCE0087ACC5 = {
						CreatedOnToolsVersion = 12.2;
					};
					BCD237A6256E5FD00087ACC5 = {
						CreatedOnToolsVersion = 12.2;
						TestTargetID = BCD23794256E5FCE0087ACC5;
					};
					BCD237B1256E5FD00087ACC5 = {
						CreatedOnToolsVersion = 12.2;
						TestTargetID = BCD23794256E5FCE0087ACC5;
					};
				};
			};
			buildConfigurationList = BCD23790256E5FCE0087ACC5 /* Build configuration list for PBXProject "Scratchie" */;
			compatibilityVersion = "Xcode 9.3";
			developmentRegion = en;
			hasScannedForEncodings = 0;
			knownRegions = (
				en,
				Base,
			);
			mainGroup = BCD2378C256E5FCE0087ACC5;
			packageReferences = (
				BC772B462572282500B52AA1 /* XCRemoteSwiftPackageReference "HotKey" */,
				BC8A50C8257F7BF100EF14EC /* XCRemoteSwiftPackageReference "HighlightedTextEditor" */,
			);
			productRefGroup = BCD23796256E5FCE0087ACC5 /* Products */;
			projectDirPath = "";
			projectRoot = "";
			targets = (
				BCD23794256E5FCE0087ACC5 /* Scratchie */,
				BCD237A6256E5FD00087ACC5 /* ScratchieTests */,
				BCD237B1256E5FD00087ACC5 /* ScratchieUITests */,
			);
		};
/* End PBXProject section */

/* Begin PBXResourcesBuildPhase section */
		BCD23793256E5FCE0087ACC5 /* Resources */ = {
			isa = PBXResourcesBuildPhase;
			buildActionMask = 2147483647;
			files = (
				BCD237A0256E5FD00087ACC5 /* Preview Assets.xcassets in Resources */,
				BCD2379D256E5FD00087ACC5 /* Assets.xcassets in Resources */,
			);
			runOnlyForDeploymentPostprocessing = 0;
		};
		BCD237A5256E5FD00087ACC5 /* Resources */ = {
			isa = PBXResourcesBuildPhase;
			buildActionMask = 2147483647;
			files = (
			);
			runOnlyForDeploymentPostprocessing = 0;
		};
		BCD237B0256E5FD00087ACC5 /* Resources */ = {
			isa = PBXResourcesBuildPhase;
			buildActionMask = 2147483647;
			files = (
			);
			runOnlyForDeploymentPostprocessing = 0;
		};
/* End PBXResourcesBuildPhase section */

/* Begin PBXSourcesBuildPhase section */
		BCD23791256E5FCE0087ACC5 /* Sources */ = {
			isa = PBXSourcesBuildPhase;
			buildActionMask = 2147483647;
			files = (
				BCB8132225984A2A00D44B35 /* AppDelegate.swift in Sources */,
				BCAFB06D256E69EB00BEBF5A /* Scratchpad.swift in Sources */,
				BC4CE87D256FD6DE00DD6FAA /* UserData.swift in Sources */,
				BCAFB068256E690800BEBF5A /* ScratchpadEditor.swift in Sources */,
				BCD2379B256E5FCE0087ACC5 /* ContentView.swift in Sources */,
				BCD23799256E5FCE0087ACC5 /* ScratchieApp.swift in Sources */,
				5469A12030B28921CAC46531 /* MarkdownParser.swift in Sources */,
				5469A743C5F2DB32A4D29C96 /* MarkdownToken.swift in Sources */,
			);
			runOnlyForDeploymentPostprocessing = 0;
		};
		BCD237A3256E5FD00087ACC5 /* Sources */ = {
			isa = PBXSourcesBuildPhase;
			buildActionMask = 2147483647;
			files = (
				BCD237AC256E5FD00087ACC5 /* ScratchieTests.swift in Sources */,
				BC6648EB25B2BBE200FCA07E /* MarkdownParserTests.swift in Sources */,
			);
			runOnlyForDeploymentPostprocessing = 0;
		};
		BCD237AE256E5FD00087ACC5 /* Sources */ = {
			isa = PBXSourcesBuildPhase;
			buildActionMask = 2147483647;
			files = (
				BCD237B7256E5FD00087ACC5 /* ScratchieUITests.swift in Sources */,
			);
			runOnlyForDeploymentPostprocessing = 0;
		};
/* End PBXSourcesBuildPhase section */

/* Begin PBXTargetDependency section */
		BCD237A9256E5FD00087ACC5 /* PBXTargetDependency */ = {
			isa = PBXTargetDependency;
			target = BCD23794256E5FCE0087ACC5 /* Scratchie */;
			targetProxy = BCD237A8256E5FD00087ACC5 /* PBXContainerItemProxy */;
		};
		BCD237B4256E5FD00087ACC5 /* PBXTargetDependency */ = {
			isa = PBXTargetDependency;
			target = BCD23794256E5FCE0087ACC5 /* Scratchie */;
			targetProxy = BCD237B3256E5FD00087ACC5 /* PBXContainerItemProxy */;
		};
/* End PBXTargetDependency section */

/* Begin XCBuildConfiguration section */
		BCD237B9256E5FD00087ACC5 /* Debug */ = {
			isa = XCBuildConfiguration;
			buildSettings = {
				ALWAYS_SEARCH_USER_PATHS = NO;
				CLANG_ANALYZER_NONNULL = YES;
				CLANG_ANALYZER_NUMBER_OBJECT_CONVERSION = YES_AGGRESSIVE;
				CLANG_CXX_LANGUAGE_STANDARD = "gnu++14";
				CLANG_CXX_LIBRARY = "libc++";
				CLANG_ENABLE_MODULES = YES;
				CLANG_ENABLE_OBJC_ARC = YES;
				CLANG_ENABLE_OBJC_WEAK = YES;
				CLANG_WARN_BLOCK_CAPTURE_AUTORELEASING = YES;
				CLANG_WARN_BOOL_CONVERSION = YES;
				CLANG_WARN_COMMA = YES;
				CLANG_WARN_CONSTANT_CONVERSION = YES;
				CLANG_WARN_DEPRECATED_OBJC_IMPLEMENTATIONS = YES;
				CLANG_WARN_DIRECT_OBJC_ISA_USAGE = YES_ERROR;
				CLANG_WARN_DOCUMENTATION_COMMENTS = YES;
				CLANG_WARN_EMPTY_BODY = YES;
				CLANG_WARN_ENUM_CONVERSION = YES;
				CLANG_WARN_INFINITE_RECURSION = YES;
				CLANG_WARN_INT_CONVERSION = YES;
				CLANG_WARN_NON_LITERAL_NULL_CONVERSION = YES;
				CLANG_WARN_OBJC_IMPLICIT_RETAIN_SELF = YES;
				CLANG_WARN_OBJC_LITERAL_CONVERSION = YES;
				CLANG_WARN_OBJC_ROOT_CLASS = YES_ERROR;
				CLANG_WARN_QUOTED_INCLUDE_IN_FRAMEWORK_HEADER = YES;
				CLANG_WARN_RANGE_LOOP_ANALYSIS = YES;
				CLANG_WARN_STRICT_PROTOTYPES = YES;
				CLANG_WARN_SUSPICIOUS_MOVE = YES;
				CLANG_WARN_UNGUARDED_AVAILABILITY = YES_AGGRESSIVE;
				CLANG_WARN_UNREACHABLE_CODE = YES;
				CLANG_WARN__DUPLICATE_METHOD_MATCH = YES;
				COPY_PHASE_STRIP = NO;
				DEBUG_INFORMATION_FORMAT = dwarf;
				ENABLE_STRICT_OBJC_MSGSEND = YES;
				ENABLE_TESTABILITY = YES;
				GCC_C_LANGUAGE_STANDARD = gnu11;
				GCC_DYNAMIC_NO_PIC = NO;
				GCC_NO_COMMON_BLOCKS = YES;
				GCC_OPTIMIZATION_LEVEL = 0;
				GCC_PREPROCESSOR_DEFINITIONS = (
					"DEBUG=1",
					"$(inherited)",
				);
				GCC_WARN_64_TO_32_BIT_CONVERSION = YES;
				GCC_WARN_ABOUT_RETURN_TYPE = YES_ERROR;
				GCC_WARN_UNDECLARED_SELECTOR = YES;
				GCC_WARN_UNINITIALIZED_AUTOS = YES_AGGRESSIVE;
				GCC_WARN_UNUSED_FUNCTION = YES;
				GCC_WARN_UNUSED_VARIABLE = YES;
				MACOSX_DEPLOYMENT_TARGET = 11.0;
				MTL_ENABLE_DEBUG_INFO = INCLUDE_SOURCE;
				MTL_FAST_MATH = YES;
				ONLY_ACTIVE_ARCH = YES;
				SDKROOT = macosx;
				SWIFT_ACTIVE_COMPILATION_CONDITIONS = DEBUG;
				SWIFT_OPTIMIZATION_LEVEL = "-Onone";
			};
			name = Debug;
		};
		BCD237BA256E5FD00087ACC5 /* Release */ = {
			isa = XCBuildConfiguration;
			buildSettings = {
				ALWAYS_SEARCH_USER_PATHS = NO;
				CLANG_ANALYZER_NONNULL = YES;
				CLANG_ANALYZER_NUMBER_OBJECT_CONVERSION = YES_AGGRESSIVE;
				CLANG_CXX_LANGUAGE_STANDARD = "gnu++14";
				CLANG_CXX_LIBRARY = "libc++";
				CLANG_ENABLE_MODULES = YES;
				CLANG_ENABLE_OBJC_ARC = YES;
				CLANG_ENABLE_OBJC_WEAK = YES;
				CLANG_WARN_BLOCK_CAPTURE_AUTORELEASING = YES;
				CLANG_WARN_BOOL_CONVERSION = YES;
				CLANG_WARN_COMMA = YES;
				CLANG_WARN_CONSTANT_CONVERSION = YES;
				CLANG_WARN_DEPRECATED_OBJC_IMPLEMENTATIONS = YES;
				CLANG_WARN_DIRECT_OBJC_ISA_USAGE = YES_ERROR;
				CLANG_WARN_DOCUMENTATION_COMMENTS = YES;
				CLANG_WARN_EMPTY_BODY = YES;
				CLANG_WARN_ENUM_CONVERSION = YES;
				CLANG_WARN_INFINITE_RECURSION = YES;
				CLANG_WARN_INT_CONVERSION = YES;
				CLANG_WARN_NON_LITERAL_NULL_CONVERSION = YES;
				CLANG_WARN_OBJC_IMPLICIT_RETAIN_SELF = YES;
				CLANG_WARN_OBJC_LITERAL_CONVERSION = YES;
				CLANG_WARN_OBJC_ROOT_CLASS = YES_ERROR;
				CLANG_WARN_QUOTED_INCLUDE_IN_FRAMEWORK_HEADER = YES;
				CLANG_WARN_RANGE_LOOP_ANALYSIS = YES;
				CLANG_WARN_STRICT_PROTOTYPES = YES;
				CLANG_WARN_SUSPICIOUS_MOVE = YES;
				CLANG_WARN_UNGUARDED_AVAILABILITY = YES_AGGRESSIVE;
				CLANG_WARN_UNREACHABLE_CODE = YES;
				CLANG_WARN__DUPLICATE_METHOD_MATCH = YES;
				COPY_PHASE_STRIP = NO;
				DEBUG_INFORMATION_FORMAT = "dwarf-with-dsym";
				ENABLE_NS_ASSERTIONS = NO;
				ENABLE_STRICT_OBJC_MSGSEND = YES;
				GCC_C_LANGUAGE_STANDARD = gnu11;
				GCC_NO_COMMON_BLOCKS = YES;
				GCC_WARN_64_TO_32_BIT_CONVERSION = YES;
				GCC_WARN_ABOUT_RETURN_TYPE = YES_ERROR;
				GCC_WARN_UNDECLARED_SELECTOR = YES;
				GCC_WARN_UNINITIALIZED_AUTOS = YES_AGGRESSIVE;
				GCC_WARN_UNUSED_FUNCTION = YES;
				GCC_WARN_UNUSED_VARIABLE = YES;
				MACOSX_DEPLOYMENT_TARGET = 11.0;
				MTL_ENABLE_DEBUG_INFO = NO;
				MTL_FAST_MATH = YES;
				SDKROOT = macosx;
				SWIFT_COMPILATION_MODE = wholemodule;
				SWIFT_OPTIMIZATION_LEVEL = "-O";
			};
			name = Release;
		};
		BCD237BC256E5FD00087ACC5 /* Debug */ = {
			isa = XCBuildConfiguration;
			buildSettings = {
				ASSETCATALOG_COMPILER_APPICON_NAME = AppIcon;
				ASSETCATALOG_COMPILER_GLOBAL_ACCENT_COLOR_NAME = AccentColor;
				CODE_SIGN_ENTITLEMENTS = Scratchie/Scratchie.entitlements;
				CODE_SIGN_IDENTITY = "-";
				CODE_SIGN_STYLE = Automatic;
				COMBINE_HIDPI_IMAGES = YES;
				DEVELOPMENT_ASSET_PATHS = "\"Scratchie/Preview Content\"";
				ENABLE_PREVIEWS = YES;
				INFOPLIST_FILE = Scratchie/Info.plist;
				LD_RUNPATH_SEARCH_PATHS = (
					"$(inherited)",
					"@executable_path/../Frameworks",
				);
				MACOSX_DEPLOYMENT_TARGET = 11.0;
				PRODUCT_BUNDLE_IDENTIFIER = dev.yukitsune.Scratchie;
				PRODUCT_NAME = "$(TARGET_NAME)";
				SWIFT_VERSION = 5.0;
			};
			name = Debug;
		};
		BCD237BD256E5FD00087ACC5 /* Release */ = {
			isa = XCBuildConfiguration;
			buildSettings = {
				ASSETCATALOG_COMPILER_APPICON_NAME = AppIcon;
				ASSETCATALOG_COMPILER_GLOBAL_ACCENT_COLOR_NAME = AccentColor;
				CODE_SIGN_ENTITLEMENTS = Scratchie/Scratchie.entitlements;
				CODE_SIGN_IDENTITY = "-";
				CODE_SIGN_STYLE = Automatic;
				COMBINE_HIDPI_IMAGES = YES;
				DEVELOPMENT_ASSET_PATHS = "\"Scratchie/Preview Content\"";
				ENABLE_PREVIEWS = YES;
				INFOPLIST_FILE = Scratchie/Info.plist;
				LD_RUNPATH_SEARCH_PATHS = (
					"$(inherited)",
					"@executable_path/../Frameworks",
				);
				MACOSX_DEPLOYMENT_TARGET = 11.0;
				PRODUCT_BUNDLE_IDENTIFIER = dev.yukitsune.Scratchie;
				PRODUCT_NAME = "$(TARGET_NAME)";
				SWIFT_VERSION = 5.0;
			};
			name = Release;
		};
		BCD237BF256E5FD00087ACC5 /* Debug */ = {
			isa = XCBuildConfiguration;
			buildSettings = {
				ALWAYS_EMBED_SWIFT_STANDARD_LIBRARIES = YES;
				BUNDLE_LOADER = "$(TEST_HOST)";
				CODE_SIGN_STYLE = Automatic;
				COMBINE_HIDPI_IMAGES = YES;
				INFOPLIST_FILE = ScratchieTests/Info.plist;
				LD_RUNPATH_SEARCH_PATHS = (
					"$(inherited)",
					"@executable_path/../Frameworks",
					"@loader_path/../Frameworks",
				);
				MACOSX_DEPLOYMENT_TARGET = 11.0;
				PRODUCT_BUNDLE_IDENTIFIER = dev.yukitsune.ScratchieTests;
				PRODUCT_NAME = "$(TARGET_NAME)";
				SWIFT_VERSION = 5.0;
				TEST_HOST = "$(BUILT_PRODUCTS_DIR)/Scratchie.app/Contents/MacOS/Scratchie";
			};
			name = Debug;
		};
		BCD237C0256E5FD00087ACC5 /* Release */ = {
			isa = XCBuildConfiguration;
			buildSettings = {
				ALWAYS_EMBED_SWIFT_STANDARD_LIBRARIES = YES;
				BUNDLE_LOADER = "$(TEST_HOST)";
				CODE_SIGN_STYLE = Automatic;
				COMBINE_HIDPI_IMAGES = YES;
				INFOPLIST_FILE = ScratchieTests/Info.plist;
				LD_RUNPATH_SEARCH_PATHS = (
					"$(inherited)",
					"@executable_path/../Frameworks",
					"@loader_path/../Frameworks",
				);
				MACOSX_DEPLOYMENT_TARGET = 11.0;
				PRODUCT_BUNDLE_IDENTIFIER = dev.yukitsune.ScratchieTests;
				PRODUCT_NAME = "$(TARGET_NAME)";
				SWIFT_VERSION = 5.0;
				TEST_HOST = "$(BUILT_PRODUCTS_DIR)/Scratchie.app/Contents/MacOS/Scratchie";
			};
			name = Release;
		};
		BCD237C2256E5FD00087ACC5 /* Debug */ = {
			isa = XCBuildConfiguration;
			buildSettings = {
				ALWAYS_EMBED_SWIFT_STANDARD_LIBRARIES = YES;
				CODE_SIGN_STYLE = Automatic;
				COMBINE_HIDPI_IMAGES = YES;
				INFOPLIST_FILE = ScratchieUITests/Info.plist;
				LD_RUNPATH_SEARCH_PATHS = (
					"$(inherited)",
					"@executable_path/../Frameworks",
					"@loader_path/../Frameworks",
				);
				PRODUCT_BUNDLE_IDENTIFIER = dev.yukitsune.ScratchieUITests;
				PRODUCT_NAME = "$(TARGET_NAME)";
				SWIFT_VERSION = 5.0;
				TEST_TARGET_NAME = Scratchie;
			};
			name = Debug;
		};
		BCD237C3256E5FD00087ACC5 /* Release */ = {
			isa = XCBuildConfiguration;
			buildSettings = {
				ALWAYS_EMBED_SWIFT_STANDARD_LIBRARIES = YES;
				CODE_SIGN_STYLE = Automatic;
				COMBINE_HIDPI_IMAGES = YES;
				INFOPLIST_FILE = ScratchieUITests/Info.plist;
				LD_RUNPATH_SEARCH_PATHS = (
					"$(inherited)",
					"@executable_path/../Frameworks",
					"@loader_path/../Frameworks",
				);
				PRODUCT_BUNDLE_IDENTIFIER = dev.yukitsune.ScratchieUITests;
				PRODUCT_NAME = "$(TARGET_NAME)";
				SWIFT_VERSION = 5.0;
				TEST_TARGET_NAME = Scratchie;
			};
			name = Release;
		};
/* End XCBuildConfiguration section */

/* Begin XCConfigurationList section */
		BCD23790256E5FCE0087ACC5 /* Build configuration list for PBXProject "Scratchie" */ = {
			isa = XCConfigurationList;
			buildConfigurations = (
				BCD237B9256E5FD00087ACC5 /* Debug */,
				BCD237BA256E5FD00087ACC5 /* Release */,
			);
			defaultConfigurationIsVisible = 0;
			defaultConfigurationName = Release;
		};
		BCD237BB256E5FD00087ACC5 /* Build configuration list for PBXNativeTarget "Scratchie" */ = {
			isa = XCConfigurationList;
			buildConfigurations = (
				BCD237BC256E5FD00087ACC5 /* Debug */,
				BCD237BD256E5FD00087ACC5 /* Release */,
			);
			defaultConfigurationIsVisible = 0;
			defaultConfigurationName = Release;
		};
		BCD237BE256E5FD00087ACC5 /* Build configuration list for PBXNativeTarget "ScratchieTests" */ = {
			isa = XCConfigurationList;
			buildConfigurations = (
				BCD237BF256E5FD00087ACC5 /* Debug */,
				BCD237C0256E5FD00087ACC5 /* Release */,
			);
			defaultConfigurationIsVisible = 0;
			defaultConfigurationName = Release;
		};
		BCD237C1256E5FD00087ACC5 /* Build configuration list for PBXNativeTarget "ScratchieUITests" */ = {
			isa = XCConfigurationList;
			buildConfigurations = (
				BCD237C2256E5FD00087ACC5 /* Debug */,
				BCD237C3256E5FD00087ACC5 /* Release */,
			);
			defaultConfigurationIsVisible = 0;
			defaultConfigurationName = Release;
		};
/* End XCConfigurationList section */

/* Begin XCRemoteSwiftPackageReference section */
		BC772B462572282500B52AA1 /* XCRemoteSwiftPackageReference "HotKey" */ = {
			isa = XCRemoteSwiftPackageReference;
			repositoryURL = "https://github.com/soffes/HotKey";
			requirement = {
				branch = master;
				kind = branch;
			};
		};
		BC8A50C8257F7BF100EF14EC /* XCRemoteSwiftPackageReference "HighlightedTextEditor" */ = {
			isa = XCRemoteSwiftPackageReference;
			repositoryURL = "https://github.com/kyle-n/HighlightedTextEditor";
			requirement = {
				kind = upToNextMajorVersion;
				minimumVersion = 1.5.5;
			};
		};
/* End XCRemoteSwiftPackageReference section */

/* Begin XCSwiftPackageProductDependency section */
		BC772B472572282500B52AA1 /* HotKey */ = {
			isa = XCSwiftPackageProductDependency;
			package = BC772B462572282500B52AA1 /* XCRemoteSwiftPackageReference "HotKey" */;
			productName = HotKey;
		};
		BC8A50C9257F7BF100EF14EC /* HighlightedTextEditor */ = {
			isa = XCSwiftPackageProductDependency;
			package = BC8A50C8257F7BF100EF14EC /* XCRemoteSwiftPackageReference "HighlightedTextEditor" */;
			productName = HighlightedTextEditor;
		};
/* End XCSwiftPackageProductDependency section */
	};
	rootObject = BCD2378D256E5FCE0087ACC5 /* Project object */;
}
